# @generated - this file is auto-generated by `mise lock` https://mise.jdx.dev/dev-tools/mise-lock.html

[[tools.go]]
version = "1.27.0"
backend = "core:go"

[tools.go."platforms.linux-arm64"]
checksum = "sha256:51798d2c42d0e1c6ed7fd9f48728b4193abac9e8aad6dbac2fe96a81f5909bda"
url = "https://dl.google.com/go/go1.27.0.linux-arm64.tar.gz"

[tools.go."platforms.linux-arm64-musl"]
checksum = "sha256:51798d2c42d0e1c6ed7fd9f48728b4193abac9e8aad6dbac2fe96a81f5909bda"
url = "https://dl.google.com/go/go1.27.0.linux-arm64.tar.gz"

[tools.go."platforms.linux-x64"]
checksum = "sha256:675c26c449cbb18fc24b74650de1eabbae6e16f64326fd85a283fb3b58280685"
url = "https://dl.google.com/go/go1.27.0.linux-amd64.tar.gz"

[tools.go."platforms.linux-x64-musl"]
checksum = "sha256:675c26c449cbb18fc24b74650de1eabbae6e16f64326fd85a283fb3b58280685"
url = "https://dl.google.com/go/go1.27.0.linux-amd64.tar.gz"

[tools.go."platforms.macos-arm64"]
checksum = "sha256:90493b3bbd5e10f91d12153198bf1994fd756399b4fec93b49b0c6e2acdeeb3e"
url = "https://dl.google.com/go/go1.27.0.darwin-arm64.tar.gz"

[tools.go."platforms.macos-x64"]
checksum = "sha256:d3314e25496e4381d71a5c51d2907e7af655d199f6780b549f015bd85fef4986"
url = "https://dl.google.com/go/go1.27.0.darwin-amd64.tar.gz"

[tools.go."platforms.windows-x64"]
checksum = "sha256:f0c0a0d33ba94f4d2c5dbc887334ce678b21813504ddb3aafcb06e60a5a667c4"
url = "https://dl.google.com/go/go1.27.0.windows-amd64.zip"

[[tools."go:golang.org/x/tools/cmd/goimports"]]
version = "0.51.0"
backend = "go:golang.org/x/tools/cmd/goimports"

[[tools."go:golang.org/x/vuln/cmd/govulncheck"]]
version = "1.8.0"
backend = "go:golang.org/x/vuln/cmd/govulncheck"

[[tools.golangci-lint]]
version = "2.14.0"
backend = "aqua:golangci/golangci-lint"

[tools.golangci-lint."platforms.linux-arm64"]
checksum = "sha256:ee7ec5f3453d15ddf106fae5a4d6c71737712348a979d1fe9cd52ec7ea299bae"
url = "https://github.com/golangci/golangci-lint/releases/download/v2.14.0/golangci-lint-2.14.0-linux-arm64.tar.gz"
url_api = "https://api.github.com/repos/golangci/golangci-lint/releases/assets/585813674"
provenance = "github-attestations"

[tools.golangci-lint."platforms.linux-arm64-musl"]
checksum = "sha256:ee7ec5f3453d15ddf106fae5a4d6c71737712348a979d1fe9cd52ec7ea299bae"
url = "https://github.com/golangci/golangci-lint/releases/download/v2.14.0/golangci-lint-2.14.0-linux-arm64.tar.gz"
url_api = "https://api.github.com/repos/golangci/golangci-lint/releases/assets/585813674"
provenance = "github-attestations"

[tools.golangci-lint."platforms.linux-x64"]
checksum = "sha256:ab90aeb7b066f92a33415b638a50fe5344bbb75a0d32ad30cc248d88f81032ab"
url = "https://github.com/golangci/golangci-lint/releases/download/v2.14.0/golangci-lint-2.14.0-linux-amd64.tar.gz"
url_api = "https://api.github.com/repos/golangci/golangci-lint/releases/assets/585813815"
provenance = "github-attestations"

[tools.golangci-lint."platforms.linux-x64-musl"]
checksum = "sha256:ab90aeb7b066f92a33415b638a50fe5344bbb75a0d32ad30cc248d88f81032ab"
url = "https://github.com/golangci/golangci-lint/releases/download/v2.14.0/golangci-lint-2.14.0-linux-amd64.tar.gz"
url_api = "https://api.github.com/repos/golangci/golangci-lint/releases/assets/585813815"
provenance = "github-attestations"

[tools.golangci-lint."platforms.macos-arm64"]
checksum = "sha256:5ef5f36a7147e91dc58ef9ef4d11bb7bad5ead0c76eb6c01327a73c641d1dcc3"
url = "https://github.com/golangci/golangci-lint/releases/download/v2.14.0/golangci-lint-2.14.0-darwin-arm64.tar.gz"
url_api = "https://api.github.com/repos/golangci/golangci-lint/releases/assets/585813591"
provenance = "github-attestations"

[tools.golangci-lint."platforms.macos-x64"]
checksum = "sha256:a5667c1c3536be1740133213e1e822bfb8f0d98ea12903174d6d5f635e4ed68d"
url = "https://github.com/golangci/golangci-lint/releases/download/v2.14.0/golangci-lint-2.14.0-darwin-amd64.tar.gz"
url_api = "https://api.github.com/repos/golangci/golangci-lint/releases/assets/585813755"
provenance = "github-attestations"

[tools.golangci-lint."platforms.windows-x64"]
checksum = "sha256:b15f903d1649283a2ab6e8d2f0c317eaf1f9f6b3763950e7e8b7e72a43dd724f"
url = "https://github.com/golangci/golangci-lint/releases/download/v2.14.0/golangci-lint-2.14.0-windows-amd64.zip"
url_api = "https://api.github.com/repos/golangci/golangci-lint/releases/assets/585813793"
provenance = "github-attestations"

[[tools.gotestsum]]
version = "1.13.0"
backend = "aqua:gotestyourself/gotestsum"

[tools.gotestsum."platforms.linux-arm64"]
checksum = "sha256:7644a4c5cd1bb978d56245aeab25a586ac5ac62adebed20a399548867c13499d"
url = "https://github.com/gotestyourself/gotestsum/releases/download/v1.13.0/gotestsum_1.13.0_linux_arm64.tar.gz"
url_api = "https://api.github.com/repos/gotestyourself/gotestsum/releases/assets/291996834"

[tools.gotestsum."platforms.linux-arm64-musl"]
checksum = "sha256:7644a4c5cd1bb978d56245aeab25a586ac5ac62adebed20a399548867c13499d"
url = "https://github.com/gotestyourself/gotestsum/releases/download/v1.13.0/gotestsum_1.13.0_linux_arm64.tar.gz"
url_api = "https://api.github.com/repos/gotestyourself/gotestsum/releases/assets/291996834"

[tools.gotestsum."platforms.linux-x64"]
checksum = "sha256:11ccddeaf708ef228889f9fe2f68291a75b27013ddfc3b18156e094f5f40e8ee"
url = "https://github.com/gotestyourself/gotestsum/releases/download/v1.13.0/gotestsum_1.13.0_linux_amd64.tar.gz"
url_api = "https://api.github.com/repos/gotestyourself/gotestsum/releases/assets/291996833"

[tools.gotestsum."platforms.linux-x64-musl"]
checksum = "sha256:11ccddeaf708ef228889f9fe2f68291a75b27013ddfc3b18156e094f5f40e8ee"
url = "https://github.com/gotestyourself/gotestsum/releases/download/v1.13.0/gotestsum_1.13.0_linux_amd64.tar.gz"
url_api = "https://api.github.com/repos/gotestyourself/gotestsum/releases/assets/291996833"

[tools.gotestsum."platforms.macos-arm64"]
checksum = "sha256:509cb27aef747f48faf9bce424f59dcf79572c905204b990ee935bbfcc7fa0e9"
url = "https://github.com/gotestyourself/gotestsum/releases/download/v1.13.0/gotestsum_1.13.0_darwin_arm64.tar.gz"
url_api = "https://api.github.com/repos/gotestyourself/gotestsum/releases/assets/291996838"

[tools.gotestsum."platforms.macos-x64"]
checksum = "sha256:99529350f4c7b780b1efc543ca0d9721b09f0a4228f0efa9281261f58fefa05a"
url = "https://github.com/gotestyourself/gotestsum/releases/download/v1.13.0/gotestsum_1.13.0_darwin_amd64.tar.gz"
url_api = "https://api.github.com/repos/gotestyourself/gotestsum/releases/assets/291996829"

[tools.gotestsum."platforms.windows-x64"]
checksum = "sha256:fd5a6dc69e46a0970593e70d85a7e75f16714e9c61d6d72ccc324eb82df5bb8a"
url = "https://github.com/gotestyourself/gotestsum/releases/download/v1.13.0/gotestsum_1.13.0_windows_amd64.tar.gz"
url_api = "https://api.github.com/repos/gotestyourself/gotestsum/releases/assets/291996823"

[[tools.python]]
version = "3.13.12"
backend = "core:python"

[tools.python."platforms.linux-arm64"]
checksum = "sha256:8abd16da242b56902a13ba1d6e3aaa0d6d19dfc71547f04e437f707fde179915"
url = "https://github.com/astral-sh/python-build-standalone/releases/download/20260324/cpython-3.13.12+20260324-aarch64-unknown-linux-gnu-install_only_stripped.tar.gz"
provenance = "github-attestations"

[tools.python."platforms.linux-arm64-musl"]
checksum = "sha256:b12458857fc2ebde36c35626e5e297dd6a9496dcaa36bd9ad4c45973e367d11d"
url = "https://github.com/astral-sh/python-build-standalone/releases/download/20260324/cpython-3.13.12+20260324-aarch64-unknown-linux-musl-install_only_stripped.tar.gz"
provenance = "github-attestations"

[tools.python."platforms.linux-x64"]
checksum = "sha256:91c8920a197c3f7c562612eb4537e18e0c52c1c918bb39912cbd0b1b3c154229"
url = "https://github.com/astral-sh/python-build-standalone/releases/download/20260324/cpython-3.13.12+20260324-x86_64-unknown-linux-gnu-install_only_stripped.tar.gz"
provenance = "github-attestations"

[tools.python."platforms.linux-x64-musl"]
checksum = "sha256:e50dfa03c06caf81d8708a708dd19fd2493d1eb5563314b83c81989ecbe9bfc6"
url = "https://github.com/astral-sh/python-build-standalone/releases/download/20260324/cpython-3.13.12+20260324-x86_64-unknown-linux-musl-install_only_stripped.tar.gz"
provenance = "github-attestations"

[tools.python."platforms.macos-arm64"]
checksum = "sha256:3de7059c87c0e7604e3e9397a547020c161f65c8d51d358e230d3a7d3a456aaa"
url = "https://github.com/astral-sh/python-build-standalone/releases/download/20260324/cpython-3.13.12+20260324-aarch64-apple-darwin-install_only_stripped.tar.gz"
provenance = "github-attestations"

[tools.python."platforms.macos-x64"]
checksum = "sha256:7fd6a6162ef82c9df74eb1c71dad042a05960869789915b1203d61f14d3dc629"
url = "https://github.com/astral-sh/python-build-standalone/releases/download/20260324/cpython-3.13.12+20260324-x86_64-apple-darwin-install_only_stripped.tar.gz"
provenance = "github-attestations"

[tools.python."platforms.windows-x64"]
checksum = "sha256:b11194bd12122df60e24b08a71a4e5aaa1d15c2cf436f7f4f57bbea4f9a80462"
url = "https://github.com/astral-sh/python-build-standalone/releases/download/20260324/cpython-3.13.12+20260324-x86_64-pc-windows-msvc-install_only_stripped.tar.gz"
provenance = "github-attestations"

[[tools.ruff]]
version = "0.17.0"
backend = "aqua:astral-sh/ruff"

[tools.ruff."platforms.linux-arm64"]
checksum = "sha256:294e181ba6ccb0c2ffd778580e3c42b19f038bdbcb844f39fd9a6a26e8148804"
url = "https://github.com/astral-sh/ruff/releases/download/0.17.0/ruff-aarch64-unknown-linux-gnu.tar.gz"
url_api = "https://api.github.com/repos/astral-sh/ruff/releases/assets/625999236"
provenance = "github-attestations"

[tools.ruff."platforms.linux-arm64-musl"]
checksum = "sha256:cac779097e34bf1ca40175b4bacf8fca7a92fce5030bfc3edf1fd357428a33b0"
url = "https://github.com/astral-sh/ruff/releases/download/0.17.0/ruff-aarch64-unknown-linux-musl.tar.gz"
url_api = "https://api.github.com/repos/astral-sh/ruff/releases/assets/625999241"
provenance = "github-attestations"

[tools.ruff."platforms.linux-x64"]
checksum = "sha256:c94fc1dc71f054d06d9f1149442dcb471516aa2b7d4b7e8124e05d082d4c91d3"
url = "https://github.com/astral-sh/ruff/releases/download/0.17.0/ruff-x86_64-unknown-linux-gnu.tar.gz"
url_api = "https://api.github.com/repos/astral-sh/ruff/releases/assets/625999382"
provenance = "github-attestations"

[tools.ruff."platforms.linux-x64-musl"]
checksum = "sha256:0df9421fd0df9aa7a62dab4d1086e085b7c7888b6343fc5a9c5f630771d61aae"
url = "https://github.com/astral-sh/ruff/releases/download/0.17.0/ruff-x86_64-unknown-linux-musl.tar.gz"
url_api = "https://api.github.com/repos/astral-sh/ruff/releases/assets/625999398"
provenance = "github-attestations"

[tools.ruff."platforms.macos-arm64"]
checksum = "sha256:59afe64c227e5f9a39d85c4d6be6e2d8e9a85c55f0887baad9c9e2f775a1c119"
url = "https://github.com/astral-sh/ruff/releases/download/0.17.0/ruff-aarch64-apple-darwin.tar.gz"
url_api = "https://api.github.com/repos/astral-sh/ruff/releases/assets/625999213"
provenance = "github-attestations"

[tools.ruff."platforms.macos-x64"]
checksum = "sha256:1b6a10f57aa06f0de2d90666878dd875836e3e2d04f61868fa175a74149fb2ad"
url = "https://github.com/astral-sh/ruff/releases/download/0.17.0/ruff-x86_64-apple-darwin.tar.gz"
url_api = "https://api.github.com/repos/astral-sh/ruff/releases/assets/625999365"
provenance = "github-attestations"

[tools.ruff."platforms.windows-x64"]
checksum = "sha256:bc831eaa01912323099d7bc185981bf6bb1960931350bd3ad6a82f7a59a46c3b"
url = "https://github.com/astral-sh/ruff/releases/download/0.17.0/ruff-x86_64-pc-windows-msvc.zip"
url_api = "https://api.github.com/repos/astral-sh/ruff/releases/assets/625999369"
provenance = "github-attestations"

[[tools.uv]]
version = "0.13.0"
backend = "aqua:astral-sh/uv"

[tools.uv."platforms.linux-arm64"]
checksum = "sha256:3ccfb6af6e242433eb552f7d9676abd5412c6595c497e990d9c8cb7b5bd4d2c3"
url = "https://github.com/astral-sh/uv/releases/download/0.13.0/uv-aarch64-unknown-linux-gnu.tar.gz"
url_api = "https://api.github.com/repos/astral-sh/uv/releases/assets/626003012"
provenance = "github-attestations"

[tools.uv."platforms.linux-arm64-musl"]
checksum = "sha256:281ca6cf43f4e26e35474839ad4861be86de42af2682f74134460f5b2071b96d"
url = "https://github.com/astral-sh/uv/releases/download/0.13.0/uv-aarch64-unknown-linux-musl.tar.gz"
url_api = "https://api.github.com/repos/astral-sh/uv/releases/assets/626003041"
provenance = "github-attestations"

[tools.uv."platforms.linux-x64"]
checksum = "sha256:1468ebd5a5541121837c5a2817b9972ba6090fa6caa3d142620850a47fb75154"
url = "https://github.com/astral-sh/uv/releases/download/0.13.0/uv-x86_64-unknown-linux-gnu.tar.gz"
url_api = "https://api.github.com/repos/astral-sh/uv/releases/assets/626003332"
provenance = "github-attestations"

[tools.uv."platforms.linux-x64-musl"]
checksum = "sha256:b0828fc4cdc47d65951e94b5f0a15a5364420e8dcd88723f3b21e7a2eb30bbc3"
url = "https://github.com/astral-sh/uv/releases/download/0.13.0/uv-x86_64-unknown-linux-musl.tar.gz"
url_api = "https://api.github.com/repos/astral-sh/uv/releases/assets/626003353"
provenance = "github-attestations"

[tools.uv."platforms.macos-arm64"]
checksum = "sha256:a9c1b29002cf3c83f07fa9cd8a887a3be0107d90e23189721221e7257db8e3d6"
url = "https://github.com/astral-sh/uv/releases/download/0.13.0/uv-aarch64-apple-darwin.tar.gz"
url_api = "https://api.github.com/repos/astral-sh/uv/releases/assets/626002972"
provenance = "github-attestations"

[tools.uv."platforms.macos-x64"]
checksum = "sha256:5f44dcbde809b632f47c36fadb241cb4d6f9af71d0c8f172b5d2026d3dde742c"
url = "https://github.com/astral-sh/uv/releases/download/0.13.0/uv-x86_64-apple-darwin.tar.gz"
url_api = "https://api.github.com/repos/astral-sh/uv/releases/assets/626003261"
provenance = "github-attestations"

[tools.uv."platforms.windows-x64"]
checksum = "sha256:088962f9e7b7bd9ea740c04c650b2a21c8928c345bd99ac24350dc924dba656c"
url = "https://github.com/astral-sh/uv/releases/download/0.13.0/uv-x86_64-pc-windows-msvc.zip"
url_api = "https://api.github.com/repos/astral-sh/uv/releases/assets/626003295"
provenance = "github-attestations"
